
Microsoft Visual Studio Solution File, Format Version 12.00
# Visual Studio Version 17
VisualStudioVersion = 17.13.35919.96 d17.13
MinimumVisualStudioVersion = 10.0.40219.1
Project("{FAE04EC0-301F-11D3-BF4B-00C04F79EFBC}") = "Game_with_AI_Model", "Game_with_AI_Model\Game_with_AI_Model.csproj", "{DBDD5011-E5E8-4D43-8800-336FE2432631}"
EndProject
Global
	GlobalSection(SolutionConfigurationPlatforms) = preSolution
		Debug|Any CPU = Debug|Any CPU
		Release|Any CPU = Release|Any CPU
	EndGlobalSection
	GlobalSection(ProjectConfigurationPlatforms) = postSolution
		{DBDD5011-E5E8-4D43-8800-336FE2432631}.Debug|Any CPU.ActiveCfg = Debug|Any CPU
		{DBDD5011-E5E8-4D43-8800-336FE2432631}.Debug|Any CPU.Build.0 = Debug|Any CPU
		{DBDD5011-E5E8-4D43-8800-336FE2432631}.Release|Any CPU.ActiveCfg = Release|Any CPU
		{DBDD5011-E5E8-4D43-8800-336FE2432631}.Release|Any CPU.Build.0 = Release|Any CPU
	EndGlobalSection
	GlobalSection(SolutionProperties) = preSolution
		HideSolutionNode = FALSE
	EndGlobalSection
	GlobalSection(ExtensibilityGlobals) = postSolution
		SolutionGuid = {0800C15D-2003-49AF-85F4-592F1515D509}
	EndGlobalSection
EndGlobal
